
Microsoft Visual Studio Solution File, Format Version 12.00
# Visual Studio Version 16
VisualStudioVersion = 16.0.32802.440
MinimumVisualStudioVersion = 10.0.40219.1
Project("{FAE04EC0-301F-11D3-BF4B-00C04F79EFBC}") = "Projekt 3", "Projekt 3.csproj", "{F3EEE3E2-4B29-4BAF-8BF9-6E7EE38F7097}"
EndProject
Global
	GlobalSection(SolutionConfigurationPlatforms) = preSolution
		Debug|Any CPU = Debug|Any CPU
		Release|Any CPU = Release|Any CPU
	EndGlobalSection
	GlobalSection(ProjectConfigurationPlatforms) = postSolution
		{F3EEE3E2-4B29-4BAF-8BF9-6E7EE38F7097}.Debug|Any CPU.ActiveCfg = Debug|Any CPU
		{F3EEE3E2-4B29-4BAF-8BF9-6E7EE38F7097}.Debug|Any CPU.Build.0 = Debug|Any CPU
		{F3EEE3E2-4B29-4BAF-8BF9-6E7EE38F7097}.Release|Any CPU.ActiveCfg = Release|Any CPU
		{F3EEE3E2-4B29-4BAF-8BF9-6E7EE38F7097}.Release|Any CPU.Build.0 = Release|Any CPU
	EndGlobalSection
	GlobalSection(SolutionProperties) = preSolution
		HideSolutionNode = FALSE
	EndGlobalSection
	GlobalSection(ExtensibilityGlobals) = postSolution
		SolutionGuid = {6B639EC0-DC7A-4A4C-90C9-4739E2679E3B}
	EndGlobalSection
EndGlobal
